// !$*UTF8*$!
{
	archiveVersion = 1;
	classes = {
	};
	objectVersion = 50;
	objects = {

/* Begin PBXBuildFile section */
		A7CAC8F922FB35390054AF08 /* AppDelegate.swift in Sources */ = {isa = PBXBuildFile; fileRef = A7CAC8F822FB35390054AF08 /* AppDelegate.swift */; };
		A7CAC8FB22FB35390054AF08 /* ViewController.swift in Sources */ = {isa = PBXBuildFile; fileRef = A7CAC8FA22FB35390054AF08 /* ViewController.swift */; };
		A7CAC8FE22FB35390054AF08 /* Main.storyboard in Resources */ = {isa = PBXBuildFile; fileRef = A7CAC8FC22FB35390054AF08 /* Main.storyboard */; };
		A7CAC90022FB353A0054AF08 /* Assets.xcassets in Resources */ = {isa = PBXBuildFile; fileRef = A7CAC8FF22FB353A0054AF08 /* Assets.xcassets */; };
		A7CAC90322FB353A0054AF08 /* LaunchScreen.storyboard in Resources */ = {isa = PBXBuildFile; fileRef = A7CAC90122FB353A0054AF08 /* LaunchScreen.storyboard */; };
		A7CAC90E22FB35C10054AF08 /* AkiraTextField.swift in Sources */ = {isa = PBXBuildFile; fileRef = A7CAC90B22FB35C10054AF08 /* AkiraTextField.swift */; };
		A7CAC90F22FB35C10054AF08 /* TextFieldEffects.swift in Sources */ = {isa = PBXBuildFile; fileRef = A7CAC90C22FB35C10054AF08 /* TextFieldEffects.swift */; };
		A7CAC91022FB35C10054AF08 /* YoshikoTextField.swift in Sources */ = {isa = PBXBuildFile; fileRef = A7CAC90D22FB35C10054AF08 /* YoshikoTextField.swift */; };
		A7CAC91422FBC0A10054AF08 /* TableViewController.swift in Sources */ = {isa = PBXBuildFile; fileRef = A7CAC91322FBC0A10054AF08 /* TableViewController.swift */; };
/* End PBXBuildFile section */

/* Begin PBXFileReference section */
		A7CAC8F522FB35390054AF08 /* demoTextField2.app */ = {isa = PBXFileReference; explicitFileType = wrapper.application; includeInIndex = 0; path = demoTextField2.app; sourceTree = BUILT_PRODUCTS_DIR; };
		A7CAC8F822FB35390054AF08 /* AppDelegate.swift */ = {isa = PBXFileReference; lastKnownFileType = sourcecode.swift; path = AppDelegate.swift; sourceTree = "<group>"; };
		A7CAC8FA22FB35390054AF08 /* ViewController.swift */ = {isa = PBXFileReference; lastKnownFileType = sourcecode.swift; path = ViewController.swift; sourceTree = "<group>"; };
		A7CAC8FD22FB35390054AF08 /* Base */ = {isa = PBXFileReference; lastKnownFileType = file.storyboard; name = Base; path = Base.lproj/Main.storyboard; sourceTree = "<group>"; };
		A7CAC8FF22FB353A0054AF08 /* Assets.xcassets */ = {isa = PBXFileReference; lastKnownFileType = folder.assetcatalog; path = Assets.xcassets; sourceTree = "<group>"; };
		A7CAC90222FB353A0054AF08 /* Base */ = {isa = PBXFileReference; lastKnownFileType = file.storyboard; name = Base; path = Base.lproj/LaunchScreen.storyboard; sourceTree = "<group>"; };
		A7CAC90422FB353A0054AF08 /* Info.plist */ = {isa = PBXFileReference; lastKnownFileType = text.plist.xml; path = Info.plist; sourceTree = "<group>"; };
		A7CAC90B22FB35C10054AF08 /* AkiraTextField.swift */ = {isa = PBXFileReference; fileEncoding = 4; lastKnownFileType = sourcecode.swift; path = AkiraTextField.swift; sourceTree = "<group>"; };
		A7CAC90C22FB35C10054AF08 /* TextFieldEffects.swift */ = {isa = PBXFileReference; fileEncoding = 4; lastKnownFileType = sourcecode.swift; path = TextFieldEffects.swift; sourceTree = "<group>"; };
		A7CAC90D22FB35C10054AF08 /* YoshikoTextField.swift */ = {isa = PBXFileReference; fileEncoding = 4; lastKnownFileType = sourcecode.swift; path = YoshikoTextField.swift; sourceTree = "<group>"; };
		A7CAC91322FBC0A10054AF08 /* TableViewController.swift */ = {isa = PBXFileReference; lastKnownFileType = sourcecode.swift; path = TableViewController.swift; sourceTree = "<group>"; };
/* End PBXFileReference section */

/* Begin PBXFrameworksBuildPhase section */
		A7CAC8F222FB35390054AF08 /* Frameworks */ = {
			isa = PBXFrameworksBuildPhase;
			buildActionMask = 2147483647;
			files = (
			);
			runOnlyForDeploymentPostprocessing = 0;
		};
/* End PBXFrameworksBuildPhase section */

/* Begin PBXGroup section */
		A7CAC8EC22FB35390054AF08 = {
			isa = PBXGroup;
			children = (
				A7CAC8F722FB35390054AF08 /* demoTextField2 */,
				A7CAC8F622FB35390054AF08 /* Products */,
			);
			sourceTree = "<group>";
		};
		A7CAC8F622FB35390054AF08 /* Products */ = {
			isa = PBXGroup;
			children = (
				A7CAC8F522FB35390054AF08 /* demoTextField2.app */,
			);
			name = Products;
			sourceTree = "<group>";
		};
		A7CAC8F722FB35390054AF08 /* demoTextField2 */ = {
			isa = PBXGroup;
			children = (
				A7CAC90A22FB35460054AF08 /* Model */,
				A7CAC8F822FB35390054AF08 /* AppDelegate.swift */,
				A7CAC8FA22FB35390054AF08 /* ViewController.swift */,
				A7CAC8FC22FB35390054AF08 /* Main.storyboard */,
				A7CAC8FF22FB353A0054AF08 /* Assets.xcassets */,
				A7CAC90122FB353A0054AF08 /* LaunchScreen.storyboard */,
				A7CAC90422FB353A0054AF08 /* Info.plist */,
				A7CAC91322FBC0A10054AF08 /* TableViewController.swift */,
			);
			path = demoTextField2;
			sourceTree = "<group>";
		};
		A7CAC90A22FB35460054AF08 /* Model */ = {
			isa = PBXGroup;
			children = (
				A7CAC90B22FB35C10054AF08 /* AkiraTextField.swift */,
				A7CAC90C22FB35C10054AF08 /* TextFieldEffects.swift */,
				A7CAC90D22FB35C10054AF08 /* YoshikoTextField.swift */,
			);
			path = Model;
			sourceTree = "<group>";
		};
/* End PBXGroup section */

/* Begin PBXNativeTarget section */
		A7CAC8F422FB35390054AF08 /* demoTextField2 */ = {
			isa = PBXNativeTarget;
			buildConfigurationList = A7CAC90722FB353A0054AF08 /* Build configuration list for PBXNativeTarget "demoTextField2" */;
			buildPhases = (
				A7CAC8F122FB35390054AF08 /* Sources */,
				A7CAC8F222FB35390054AF08 /* Frameworks */,
				A7CAC8F322FB35390054AF08 /* Resources */,
			);
			buildRules = (
			);
			dependencies = (
			);
			name = demoTextField2;
			productName = demoTextField2;
			productReference = A7CAC8F522FB35390054AF08 /* demoTextField2.app */;
			productType = "com.apple.product-type.application";
		};
/* End PBXNativeTarget section */

/* Begin PBXProject section */
		A7CAC8ED22FB35390054AF08 /* Project object */ = {
			isa = PBXProject;
			attributes = {
				LastSwiftUpdateCheck = 1030;
				LastUpgradeCheck = 1030;
				ORGANIZATIONNAME = truongquang;
				TargetAttributes = {
					A7CAC8F422FB35390054AF08 = {
						CreatedOnToolsVersion = 10.3;
					};
				};
			};
			buildConfigurationList = A7CAC8F022FB35390054AF08 /* Build configuration list for PBXProject "demoTextField2" */;
			compatibilityVersion = "Xcode 9.3";
			developmentRegion = en;
			hasScannedForEncodings = 0;
			knownRegions = (
				en,
				Base,
			);
			mainGroup = A7CAC8EC22FB35390054AF08;
			productRefGroup = A7CAC8F622FB35390054AF08 /* Products */;
			projectDirPath = "";
			projectRoot = "";
			targets = (
				A7CAC8F422FB35390054AF08 /* demoTextField2 */,
			);
		};
/* End PBXProject section */

/* Begin PBXResourcesBuildPhase section */
		A7CAC8F322FB35390054AF08 /* Resources */ = {
			isa = PBXResourcesBuildPhase;
			buildActionMask = 2147483647;
			files = (
				A7CAC90322FB353A0054AF08 /* LaunchScreen.storyboard in Resources */,
				A7CAC90022FB353A0054AF08 /* Assets.xcassets in Resources */,
				A7CAC8FE22FB35390054AF08 /* Main.storyboard in Resources */,
			);
			runOnlyForDeploymentPostprocessing = 0;
		};
/* End PBXResourcesBuildPhase section */

/* Begin PBXSourcesBuildPhase section */
		A7CAC8F122FB35390054AF08 /* Sources */ = {
			isa = PBXSourcesBuildPhase;
			buildActionMask = 2147483647;
			files = (
				A7CAC90E22FB35C10054AF08 /* AkiraTextField.swift in Sources */,
				A7CAC91422FBC0A10054AF08 /* TableViewController.swift in Sources */,
				A7CAC91022FB35C10054AF08 /* YoshikoTextField.swift in Sources */,
				A7CAC8FB22FB35390054AF08 /* ViewController.swift in Sources */,
				A7CAC90F22FB35C10054AF08 /* TextFieldEffects.swift in Sources */,
				A7CAC8F922FB35390054AF08 /* AppDelegate.swift in Sources */,
			);
			runOnlyForDeploymentPostprocessing = 0;
		};
/* End PBXSourcesBuildPhase section */

/* Begin PBXVariantGroup section */
		A7CAC8FC22FB35390054AF08 /* Main.storyboard */ = {
			isa = PBXVariantGroup;
			children = (
				A7CAC8FD22FB35390054AF08 /* Base */,
			);
			name = Main.storyboard;
			sourceTree = "<group>";
		};
		A7CAC90122FB353A0054AF08 /* LaunchScreen.storyboard */ = {
			isa = PBXVariantGroup;
			children = (
				A7CAC90222FB353A0054AF08 /* Base */,
			);
			name = LaunchScreen.storyboard;
			sourceTree = "<group>";
		};
/* End PBXVariantGroup section */

/* Begin XCBuildConfiguration section */
		A7CAC90522FB353A0054AF08 /* Debug */ = {
			isa = XCBuildConfiguration;
			buildSettings = {
				ALWAYS_SEARCH_USER_PATHS = NO;
				CLANG_ANALYZER_NONNULL = YES;
				CLANG_ANALYZER_NUMBER_OBJECT_CONVERSION = YES_AGGRESSIVE;
				CLANG_CXX_LANGUAGE_STANDARD = "gnu++14";
				CLANG_CXX_LIBRARY = "libc++";
				CLANG_ENABLE_MODULES = YES;
				CLANG_ENABLE_OBJC_ARC = YES;
				CLANG_ENABLE_OBJC_WEAK = YES;
				CLANG_WARN_BLOCK_CAPTURE_AUTORELEASING = YES;
				CLANG_WARN_BOOL_CONVERSION = YES;
				CLANG_WARN_COMMA = YES;
				CLANG_WARN_CONSTANT_CONVERSION = YES;
				CLANG_WARN_DEPRECATED_OBJC_IMPLEMENTATIONS = YES;
				CLANG_WARN_DIRECT_OBJC_ISA_USAGE = YES_ERROR;
				CLANG_WARN_DOCUMENTATION_COMMENTS = YES;
				CLANG_WARN_EMPTY_BODY = YES;
				CLANG_WARN_ENUM_CONVERSION = YES;
				CLANG_WARN_INFINITE_RECURSION = YES;
				CLANG_WARN_INT_CONVERSION = YES;
				CLANG_WARN_NON_LITERAL_NULL_CONVERSION = YES;
				CLANG_WARN_OBJC_IMPLICIT_RETAIN_SELF = YES;
				CLANG_WARN_OBJC_LITERAL_CONVERSION = YES;
				CLANG_WARN_OBJC_ROOT_CLASS = YES_ERROR;
				CLANG_WARN_RANGE_LOOP_ANALYSIS = YES;
				CLANG_WARN_STRICT_PROTOTYPES = YES;
				CLANG_WARN_SUSPICIOUS_MOVE = YES;
				CLANG_WARN_UNGUARDED_AVAILABILITY = YES_AGGRESSIVE;
				CLANG_WARN_UNREACHABLE_CODE = YES;
				CLANG_WARN__DUPLICATE_METHOD_MATCH = YES;
				CODE_SIGN_IDENTITY = "iPhone Developer";
				COPY_PHASE_STRIP = NO;
				DEBUG_INFORMATION_FORMAT = dwarf;
				ENABLE_STRICT_OBJC_MSGSEND = YES;
				ENABLE_TESTABILITY = YES;
				GCC_C_LANGUAGE_STANDARD = gnu11;
				GCC_DYNAMIC_NO_PIC = NO;
				GCC_NO_COMMON_BLOCKS = YES;
				GCC_OPTIMIZATION_LEVEL = 0;
				GCC_PREPROCESSOR_DEFINITIONS = (
					"DEBUG=1",
					"$(inherited)",
				);
				GCC_WARN_64_TO_32_BIT_CONVERSION = YES;
				GCC_WARN_ABOUT_RETURN_TYPE = YES_ERROR;
				GCC_WARN_UNDECLARED_SELECTOR = YES;
				GCC_WARN_UNINITIALIZED_AUTOS = YES_AGGRESSIVE;
				GCC_WARN_UNUSED_FUNCTION = YES;
				GCC_WARN_UNUSED_VARIABLE = YES;
				IPHONEOS_DEPLOYMENT_TARGET = 12.4;
				MTL_ENABLE_DEBUG_INFO = INCLUDE_SOURCE;
				MTL_FAST_MATH = YES;
				ONLY_ACTIVE_ARCH = YES;
				SDKROOT = iphoneos;
				SWIFT_ACTIVE_COMPILATION_CONDITIONS = DEBUG;
				SWIFT_OPTIMIZATION_LEVEL = "-Onone";
			};
			name = Debug;
		};
		A7CAC90622FB353A0054AF08 /* Release */ = {
			isa = XCBuildConfiguration;
			buildSettings = {
				ALWAYS_SEARCH_USER_PATHS = NO;
				CLANG_ANALYZER_NONNULL = YES;
				CLANG_ANALYZER_NUMBER_OBJECT_CONVERSION = YES_AGGRESSIVE;
				CLANG_CXX_LANGUAGE_STANDARD = "gnu++14";
				CLANG_CXX_LIBRARY = "libc++";
				CLANG_ENABLE_MODULES = YES;
				CLANG_ENABLE_OBJC_ARC = YES;
				CLANG_ENABLE_OBJC_WEAK = YES;
				CLANG_WARN_BLOCK_CAPTURE_AUTORELEASING = YES;
				CLANG_WARN_BOOL_CONVERSION = YES;
				CLANG_WARN_COMMA = YES;
				CLANG_WARN_CONSTANT_CONVERSION = YES;
				CLANG_WARN_DEPRECATED_OBJC_IMPLEMENTATIONS = YES;
				CLANG_WARN_DIRECT_OBJC_ISA_USAGE = YES_ERROR;
				CLANG_WARN_DOCUMENTATION_COMMENTS = YES;
				CLANG_WARN_EMPTY_BODY = YES;
				CLANG_WARN_ENUM_CONVERSION = YES;
				CLANG_WARN_INFINITE_RECURSION = YES;
				CLANG_WARN_INT_CONVERSION = YES;
				CLANG_WARN_NON_LITERAL_NULL_CONVERSION = YES;
				CLANG_WARN_OBJC_IMPLICIT_RETAIN_SELF = YES;
				CLANG_WARN_OBJC_LITERAL_CONVERSION = YES;
				CLANG_WARN_OBJC_ROOT_CLASS = YES_ERROR;
				CLANG_WARN_RANGE_LOOP_ANALYSIS = YES;
				CLANG_WARN_STRICT_PROTOTYPES = YES;
				CLANG_WARN_SUSPICIOUS_MOVE = YES;
				CLANG_WARN_UNGUARDED_AVAILABILITY = YES_AGGRESSIVE;
				CLANG_WARN_UNREACHABLE_CODE = YES;
				CLANG_WARN__DUPLICATE_METHOD_MATCH = YES;
				CODE_SIGN_IDENTITY = "iPhone Developer";
				COPY_PHASE_STRIP = NO;
				DEBUG_INFORMATION_FORMAT = "dwarf-with-dsym";
				ENABLE_NS_ASSERTIONS = NO;
				ENABLE_STRICT_OBJC_MSGSEND = YES;
				GCC_C_LANGUAGE_STANDARD = gnu11;
				GCC_NO_COMMON_BLOCKS = YES;
				GCC_WARN_64_TO_32_BIT_CONVERSION = YES;
				GCC_WARN_ABOUT_RETURN_TYPE = YES_ERROR;
				GCC_WARN_UNDECLARED_SELECTOR = YES;
				GCC_WARN_UNINITIALIZED_AUTOS = YES_AGGRESSIVE;
				GCC_WARN_UNUSED_FUNCTION = YES;
				GCC_WARN_UNUSED_VARIABLE = YES;
				IPHONEOS_DEPLOYMENT_TARGET = 12.4;
				MTL_ENABLE_DEBUG_INFO = NO;
				MTL_FAST_MATH = YES;
				SDKROOT = iphoneos;
				SWIFT_COMPILATION_MODE = wholemodule;
				SWIFT_OPTIMIZATION_LEVEL = "-O";
				VALIDATE_PRODUCT = YES;
			};
			name = Release;
		};
		A7CAC90822FB353A0054AF08 /* Debug */ = {
			isa = XCBuildConfiguration;
			buildSettings = {
				ASSETCATALOG_COMPILER_APPICON_NAME = AppIcon;
				CODE_SIGN_STYLE = Automatic;
				INFOPLIST_FILE = demoTextField2/Info.plist;
				LD_RUNPATH_SEARCH_PATHS = (
					"$(inherited)",
					"@executable_path/Frameworks",
				);
				PRODUCT_BUNDLE_IDENTIFIER = truongquang.demoTextField2;
				PRODUCT_NAME = "$(TARGET_NAME)";
				SWIFT_VERSION = 5.0;
				TARGETED_DEVICE_FAMILY = "1,2";
			};
			name = Debug;
		};
		A7CAC90922FB353A0054AF08 /* Release */ = {
			isa = XCBuildConfiguration;
			buildSettings = {
				ASSETCATALOG_COMPILER_APPICON_NAME = AppIcon;
				CODE_SIGN_STYLE = Automatic;
				INFOPLIST_FILE = demoTextField2/Info.plist;
				LD_RUNPATH_SEARCH_PATHS = (
					"$(inherited)",
					"@executable_path/Frameworks",
				);
				PRODUCT_BUNDLE_IDENTIFIER = truongquang.demoTextField2;
				PRODUCT_NAME = "$(TARGET_NAME)";
				SWIFT_VERSION = 5.0;
				TARGETED_DEVICE_FAMILY = "1,2";
			};
			name = Release;
		};
/* End XCBuildConfiguration section */

/* Begin XCConfigurationList section */
		A7CAC8F022FB35390054AF08 /* Build configuration list for PBXProject "demoTextField2" */ = {
			isa = XCConfigurationList;
			buildConfigurations = (
				A7CAC90522FB353A0054AF08 /* Debug */,
				A7CAC90622FB353A0054AF08 /* Release */,
			);
			defaultConfigurationIsVisible = 0;
			defaultConfigurationName = Release;
		};
		A7CAC90722FB353A0054AF08 /* Build configuration list for PBXNativeTarget "demoTextField2" */ = {
			isa = XCConfigurationList;
			buildConfigurations = (
				A7CAC90822FB353A0054AF08 /* Debug */,
				A7CAC90922FB353A0054AF08 /* Release */,
			);
			defaultConfigurationIsVisible = 0;
			defaultConfigurationName = Release;
		};
/* End XCConfigurationList section */
	};
	rootObject = A7CAC8ED22FB35390054AF08 /* Project object */;
}
